
Microsoft Visual Studio Solution File, Format Version 12.00
# Visual Studio Version 16
VisualStudioVersion = 16.0.28803.156
MinimumVisualStudioVersion = 10.0.40219.1
Project("{FAE04EC0-301F-11D3-BF4B-00C04F79EFBC}") = "TwitterListViewer.UWP", "TwitterListViewer\TwitterListViewer.UWP\TwitterListViewer.UWP.csproj", "{9188FF08-143F-48E3-A87C-76D174397918}"
EndProject
Project("{FAE04EC0-301F-11D3-BF4B-00C04F79EFBC}") = "TwitterListViewer.Android", "TwitterListViewer\TwitterListViewer.Android\TwitterListViewer.Android.csproj", "{6370228E-45FB-4CED-AB7E-4C44FF21184E}"
EndProject
Project("{FAE04EC0-301F-11D3-BF4B-00C04F79EFBC}") = "TwitterListViewer.iOS", "TwitterListViewer\TwitterListViewer.iOS\TwitterListViewer.iOS.csproj", "{03050E73-AD86-4FB8-8133-86D558B3E796}"
EndProject
Project("{FAE04EC0-301F-11D3-BF4B-00C04F79EFBC}") = "TwitterListViewer", "TwitterListViewer\TwitterListViewer\TwitterListViewer.csproj", "{A68B3FDE-569B-4552-8187-59B4CF72720B}"
EndProject
Global
	GlobalSection(SolutionConfigurationPlatforms) = preSolution
		Debug|Any CPU = Debug|Any CPU
		Debug|ARM = Debug|ARM
		Debug|iPhone = Debug|iPhone
		Debug|iPhoneSimulator = Debug|iPhoneSimulator
		Debug|x64 = Debug|x64
		Debug|x86 = Debug|x86
		Release|Any CPU = Release|Any CPU
		Release|ARM = Release|ARM
		Release|iPhone = Release|iPhone
		Release|iPhoneSimulator = Release|iPhoneSimulator
		Release|x64 = Release|x64
		Release|x86 = Release|x86
	EndGlobalSection
	GlobalSection(ProjectConfigurationPlatforms) = postSolution
		{9188FF08-143F-48E3-A87C-76D174397918}.Debug|Any CPU.ActiveCfg = Debug|x86
		{9188FF08-143F-48E3-A87C-76D174397918}.Debug|Any CPU.Build.0 = Debug|x86
		{9188FF08-143F-48E3-A87C-76D174397918}.Debug|Any CPU.Deploy.0 = Debug|x86
		{9188FF08-143F-48E3-A87C-76D174397918}.Debug|ARM.ActiveCfg = Debug|ARM
		{9188FF08-143F-48E3-A87C-76D174397918}.Debug|ARM.Build.0 = Debug|ARM
		{9188FF08-143F-48E3-A87C-76D174397918}.Debug|ARM.Deploy.0 = Debug|ARM
		{9188FF08-143F-48E3-A87C-76D174397918}.Debug|iPhone.ActiveCfg = Debug|x86
		{9188FF08-143F-48E3-A87C-76D174397918}.Debug|iPhone.Build.0 = Debug|x86
		{9188FF08-143F-48E3-A87C-76D174397918}.Debug|iPhone.Deploy.0 = Debug|x86
		{9188FF08-143F-48E3-A87C-76D174397918}.Debug|iPhoneSimulator.ActiveCfg = Debug|x86
		{9188FF08-143F-48E3-A87C-76D174397918}.Debug|iPhoneSimulator.Build.0 = Debug|x86
		{9188FF08-143F-48E3-A87C-76D174397918}.Debug|iPhoneSimulator.Deploy.0 = Debug|x86
		{9188FF08-143F-48E3-A87C-76D174397918}.Debug|x64.ActiveCfg = Debug|x64
		{9188FF08-143F-48E3-A87C-76D174397918}.Debug|x64.Build.0 = Debug|x64
		{9188FF08-143F-48E3-A87C-76D174397918}.Debug|x64.Deploy.0 = Debug|x64
		{9188FF08-143F-48E3-A87C-76D174397918}.Debug|x86.ActiveCfg = Debug|x86
		{9188FF08-143F-48E3-A87C-76D174397918}.Debug|x86.Build.0 = Debug|x86
		{9188FF08-143F-48E3-A87C-76D174397918}.Debug|x86.Deploy.0 = Debug|x86
		{9188FF08-143F-48E3-A87C-76D174397918}.Release|Any CPU.ActiveCfg = Release|x86
		{9188FF08-143F-48E3-A87C-76D174397918}.Release|Any CPU.Build.0 = Release|x86
		{9188FF08-143F-48E3-A87C-76D174397918}.Release|Any CPU.Deploy.0 = Release|x86
		{9188FF08-143F-48E3-A87C-76D174397918}.Release|ARM.ActiveCfg = Release|ARM
		{9188FF08-143F-48E3-A87C-76D174397918}.Release|ARM.Build.0 = Release|ARM
		{9188FF08-143F-48E3-A87C-76D174397918}.Release|ARM.Deploy.0 = Release|ARM
		{9188FF08-143F-48E3-A87C-76D174397918}.Release|iPhone.ActiveCfg = Release|x86
		{9188FF08-143F-48E3-A87C-76D174397918}.Release|iPhone.Build.0 = Release|x86
		{9188FF08-143F-48E3-A87C-76D174397918}.Release|iPhone.Deploy.0 = Release|x86
		{9188FF08-143F-48E3-A87C-76D174397918}.Release|iPhoneSimulator.ActiveCfg = Release|x86
		{9188FF08-143F-48E3-A87C-76D174397918}.Release|iPhoneSimulator.Build.0 = Release|x86
		{9188FF08-143F-48E3-A87C-76D174397918}.Release|iPhoneSimulator.Deploy.0 = Release|x86
		{9188FF08-143F-48E3-A87C-76D174397918}.Release|x64.ActiveCfg = Release|x64
		{9188FF08-143F-48E3-A87C-76D174397918}.Release|x64.Build.0 = Release|x64
		{9188FF08-143F-48E3-A87C-76D174397918}.Release|x64.Deploy.0 = Release|x64
		{9188FF08-143F-48E3-A87C-76D174397918}.Release|x86.ActiveCfg = Release|x86
		{9188FF08-143F-48E3-A87C-76D174397918}.Release|x86.Build.0 = Release|x86
		{9188FF08-143F-48E3-A87C-76D174397918}.Release|x86.Deploy.0 = Release|x86
		{6370228E-45FB-4CED-AB7E-4C44FF21184E}.Debug|Any CPU.ActiveCfg = Debug|Any CPU
		{6370228E-45FB-4CED-AB7E-4C44FF21184E}.Debug|Any CPU.Build.0 = Debug|Any CPU
		{6370228E-45FB-4CED-AB7E-4C44FF21184E}.Debug|Any CPU.Deploy.0 = Debug|Any CPU
		{6370228E-45FB-4CED-AB7E-4C44FF21184E}.Debug|ARM.ActiveCfg = Debug|Any CPU
		{6370228E-45FB-4CED-AB7E-4C44FF21184E}.Debug|ARM.Build.0 = Debug|Any CPU
		{6370228E-45FB-4CED-AB7E-4C44FF21184E}.Debug|ARM.Deploy.0 = Debug|Any CPU
		{6370228E-45FB-4CED-AB7E-4C44FF21184E}.Debug|iPhone.ActiveCfg = Debug|Any CPU
		{6370228E-45FB-4CED-AB7E-4C44FF21184E}.Debug|iPhone.Build.0 = Debug|Any CPU
		{6370228E-45FB-4CED-AB7E-4C44FF21184E}.Debug|iPhone.Deploy.0 = Debug|Any CPU
		{6370228E-45FB-4CED-AB7E-4C44FF21184E}.Debug|iPhoneSimulator.ActiveCfg = Debug|Any CPU
		{6370228E-45FB-4CED-AB7E-4C44FF21184E}.Debug|iPhoneSimulator.Build.0 = Debug|Any CPU
		{6370228E-45FB-4CED-AB7E-4C44FF21184E}.Debug|iPhoneSimulator.Deploy.0 = Debug|Any CPU
		{6370228E-45FB-4CED-AB7E-4C44FF21184E}.Debug|x64.ActiveCfg = Debug|Any CPU
		{6370228E-45FB-4CED-AB7E-4C44FF21184E}.Debug|x64.Build.0 = Debug|Any CPU
		{6370228E-45FB-4CED-AB7E-4C44FF21184E}.Debug|x64.Deploy.0 = Debug|Any CPU
		{6370228E-45FB-4CED-AB7E-4C44FF21184E}.Debug|x86.ActiveCfg = Debug|Any CPU
		{6370228E-45FB-4CED-AB7E-4C44FF21184E}.Debug|x86.Build.0 = Debug|Any CPU
		{6370228E-45FB-4CED-AB7E-4C44FF21184E}.Debug|x86.Deploy.0 = Debug|Any CPU
		{6370228E-45FB-4CED-AB7E-4C44FF21184E}.Release|Any CPU.ActiveCfg = Release|Any CPU
		{6370228E-45FB-4CED-AB7E-4C44FF21184E}.Release|Any CPU.Build.0 = Release|Any CPU
		{6370228E-45FB-4CED-AB7E-4C44FF21184E}.Release|Any CPU.Deploy.0 = Release|Any CPU
		{6370228E-45FB-4CED-AB7E-4C44FF21184E}.Release|ARM.ActiveCfg = Release|Any CPU
		{6370228E-45FB-4CED-AB7E-4C44FF21184E}.Release|ARM.Build.0 = Release|Any CPU
		{6370228E-45FB-4CED-AB7E-4C44FF21184E}.Release|ARM.Deploy.0 = Release|Any CPU
		{6370228E-45FB-4CED-AB7E-4C44FF21184E}.Release|iPhone.ActiveCfg = Release|Any CPU
		{6370228E-45FB-4CED-AB7E-4C44FF21184E}.Release|iPhone.Build.0 = Release|Any CPU
		{6370228E-45FB-4CED-AB7E-4C44FF21184E}.Release|iPhone.Deploy.0 = Release|Any CPU
		{6370228E-45FB-4CED-AB7E-4C44FF21184E}.Release|iPhoneSimulator.ActiveCfg = Release|Any CPU
		{6370228E-45FB-4CED-AB7E-4C44FF21184E}.Release|iPhoneSimulator.Build.0 = Release|Any CPU
		{6370228E-45FB-4CED-AB7E-4C44FF21184E}.Release|iPhoneSimulator.Deploy.0 = Release|Any CPU
		{6370228E-45FB-4CED-AB7E-4C44FF21184E}.Release|x64.ActiveCfg = Release|Any CPU
		{6370228E-45FB-4CED-AB7E-4C44FF21184E}.Release|x64.Build.0 = Release|Any CPU
		{6370228E-45FB-4CED-AB7E-4C44FF21184E}.Release|x64.Deploy.0 = Release|Any CPU
		{6370228E-45FB-4CED-AB7E-4C44FF21184E}.Release|x86.ActiveCfg = Release|Any CPU
		{6370228E-45FB-4CED-AB7E-4C44FF21184E}.Release|x86.Build.0 = Release|Any CPU
		{6370228E-45FB-4CED-AB7E-4C44FF21184E}.Release|x86.Deploy.0 = Release|Any CPU
		{03050E73-AD86-4FB8-8133-86D558B3E796}.Debug|Any CPU.ActiveCfg = Debug|iPhone
		{03050E73-AD86-4FB8-8133-86D558B3E796}.Debug|Any CPU.Build.0 = Debug|iPhone
		{03050E73-AD86-4FB8-8133-86D558B3E796}.Debug|Any CPU.Deploy.0 = Debug|iPhone
		{03050E73-AD86-4FB8-8133-86D558B3E796}.Debug|ARM.ActiveCfg = Debug|iPhoneSimulator
		{03050E73-AD86-4FB8-8133-86D558B3E796}.Debug|ARM.Build.0 = Debug|iPhoneSimulator
		{03050E73-AD86-4FB8-8133-86D558B3E796}.Debug|ARM.Deploy.0 = Debug|iPhoneSimulator
		{03050E73-AD86-4FB8-8133-86D558B3E796}.Debug|iPhone.ActiveCfg = Debug|iPhone
		{03050E73-AD86-4FB8-8133-86D558B3E796}.Debug|iPhone.Build.0 = Debug|iPhone
		{03050E73-AD86-4FB8-8133-86D558B3E796}.Debug|iPhone.Deploy.0 = Debug|iPhone
		{03050E73-AD86-4FB8-8133-86D558B3E796}.Debug|iPhoneSimulator.ActiveCfg = Debug|iPhoneSimulator
		{03050E73-AD86-4FB8-8133-86D558B3E796}.Debug|iPhoneSimulator.Build.0 = Debug|iPhoneSimulator
		{03050E73-AD86-4FB8-8133-86D558B3E796}.Debug|iPhoneSimulator.Deploy.0 = Debug|iPhoneSimulator
		{03050E73-AD86-4FB8-8133-86D558B3E796}.Debug|x64.ActiveCfg = Debug|iPhone
		{03050E73-AD86-4FB8-8133-86D558B3E796}.Debug|x64.Build.0 = Debug|iPhone
		{03050E73-AD86-4FB8-8133-86D558B3E796}.Debug|x64.Deploy.0 = Debug|iPhone
		{03050E73-AD86-4FB8-8133-86D558B3E796}.Debug|x86.ActiveCfg = Debug|iPhone
		{03050E73-AD86-4FB8-8133-86D558B3E796}.Debug|x86.Build.0 = Debug|iPhone
		{03050E73-AD86-4FB8-8133-86D558B3E796}.Debug|x86.Deploy.0 = Debug|iPhone
		{03050E73-AD86-4FB8-8133-86D558B3E796}.Release|Any CPU.ActiveCfg = Release|iPhone
		{03050E73-AD86-4FB8-8133-86D558B3E796}.Release|Any CPU.Build.0 = Release|iPhone
		{03050E73-AD86-4FB8-8133-86D558B3E796}.Release|Any CPU.Deploy.0 = Release|iPhone
		{03050E73-AD86-4FB8-8133-86D558B3E796}.Release|ARM.ActiveCfg = Release|iPhone
		{03050E73-AD86-4FB8-8133-86D558B3E796}.Release|ARM.Build.0 = Release|iPhone
		{03050E73-AD86-4FB8-8133-86D558B3E796}.Release|ARM.Deploy.0 = Release|iPhone
		{03050E73-AD86-4FB8-8133-86D558B3E796}.Release|iPhone.ActiveCfg = Release|iPhone
		{03050E73-AD86-4FB8-8133-86D558B3E796}.Release|iPhone.Build.0 = Release|iPhone
		{03050E73-AD86-4FB8-8133-86D558B3E796}.Release|iPhone.Deploy.0 = Release|iPhone
		{03050E73-AD86-4FB8-8133-86D558B3E796}.Release|iPhoneSimulator.ActiveCfg = Release|iPhoneSimulator
		{03050E73-AD86-4FB8-8133-86D558B3E796}.Release|iPhoneSimulator.Build.0 = Release|iPhoneSimulator
		{03050E73-AD86-4FB8-8133-86D558B3E796}.Release|iPhoneSimulator.Deploy.0 = Release|iPhoneSimulator
		{03050E73-AD86-4FB8-8133-86D558B3E796}.Release|x64.ActiveCfg = Release|iPhone
		{03050E73-AD86-4FB8-8133-86D558B3E796}.Release|x64.Build.0 = Release|iPhone
		{03050E73-AD86-4FB8-8133-86D558B3E796}.Release|x64.Deploy.0 = Release|iPhone
		{03050E73-AD86-4FB8-8133-86D558B3E796}.Release|x86.ActiveCfg = Release|iPhone
		{03050E73-AD86-4FB8-8133-86D558B3E796}.Release|x86.Build.0 = Release|iPhone
		{03050E73-AD86-4FB8-8133-86D558B3E796}.Release|x86.Deploy.0 = Release|iPhone
		{A68B3FDE-569B-4552-8187-59B4CF72720B}.Debug|Any CPU.ActiveCfg = Debug|Any CPU
		{A68B3FDE-569B-4552-8187-59B4CF72720B}.Debug|Any CPU.Build.0 = Debug|Any CPU
		{A68B3FDE-569B-4552-8187-59B4CF72720B}.Debug|Any CPU.Deploy.0 = Debug|Any CPU
		{A68B3FDE-569B-4552-8187-59B4CF72720B}.Debug|ARM.ActiveCfg = Debug|Any CPU
		{A68B3FDE-569B-4552-8187-59B4CF72720B}.Debug|ARM.Build.0 = Debug|Any CPU
		{A68B3FDE-569B-4552-8187-59B4CF72720B}.Debug|ARM.Deploy.0 = Debug|Any CPU
		{A68B3FDE-569B-4552-8187-59B4CF72720B}.Debug|iPhone.ActiveCfg = Debug|Any CPU
		{A68B3FDE-569B-4552-8187-59B4CF72720B}.Debug|iPhone.Build.0 = Debug|Any CPU
		{A68B3FDE-569B-4552-8187-59B4CF72720B}.Debug|iPhone.Deploy.0 = Debug|Any CPU
		{A68B3FDE-569B-4552-8187-59B4CF72720B}.Debug|iPhoneSimulator.ActiveCfg = Debug|Any CPU
		{A68B3FDE-569B-4552-8187-59B4CF72720B}.Debug|iPhoneSimulator.Build.0 = Debug|Any CPU
		{A68B3FDE-569B-4552-8187-59B4CF72720B}.Debug|iPhoneSimulator.Deploy.0 = Debug|Any CPU
		{A68B3FDE-569B-4552-8187-59B4CF72720B}.Debug|x64.ActiveCfg = Debug|Any CPU
		{A68B3FDE-569B-4552-8187-59B4CF72720B}.Debug|x64.Build.0 = Debug|Any CPU
		{A68B3FDE-569B-4552-8187-59B4CF72720B}.Debug|x64.Deploy.0 = Debug|Any CPU
		{A68B3FDE-569B-4552-8187-59B4CF72720B}.Debug|x86.ActiveCfg = Debug|Any CPU
		{A68B3FDE-569B-4552-8187-59B4CF72720B}.Debug|x86.Build.0 = Debug|Any CPU
		{A68B3FDE-569B-4552-8187-59B4CF72720B}.Debug|x86.Deploy.0 = Debug|Any CPU
		{A68B3FDE-569B-4552-8187-59B4CF72720B}.Release|Any CPU.ActiveCfg = Release|Any CPU
		{A68B3FDE-569B-4552-8187-59B4CF72720B}.Release|Any CPU.Build.0 = Release|Any CPU
		{A68B3FDE-569B-4552-8187-59B4CF72720B}.Release|Any CPU.Deploy.0 = Release|Any CPU
		{A68B3FDE-569B-4552-8187-59B4CF72720B}.Release|ARM.ActiveCfg = Release|Any CPU
		{A68B3FDE-569B-4552-8187-59B4CF72720B}.Release|ARM.Build.0 = Release|Any CPU
		{A68B3FDE-569B-4552-8187-59B4CF72720B}.Release|ARM.Deploy.0 = Release|Any CPU
		{A68B3FDE-569B-4552-8187-59B4CF72720B}.Release|iPhone.ActiveCfg = Release|Any CPU
		{A68B3FDE-569B-4552-8187-59B4CF72720B}.Release|iPhone.Build.0 = Release|Any CPU
		{A68B3FDE-569B-4552-8187-59B4CF72720B}.Release|iPhone.Deploy.0 = Release|Any CPU
		{A68B3FDE-569B-4552-8187-59B4CF72720B}.Release|iPhoneSimulator.ActiveCfg = Release|Any CPU
		{A68B3FDE-569B-4552-8187-59B4CF72720B}.Release|iPhoneSimulator.Build.0 = Release|Any CPU
		{A68B3FDE-569B-4552-8187-59B4CF72720B}.Release|iPhoneSimulator.Deploy.0 = Release|Any CPU
		{A68B3FDE-569B-4552-8187-59B4CF72720B}.Release|x64.ActiveCfg = Release|Any CPU
		{A68B3FDE-569B-4552-8187-59B4CF72720B}.Release|x64.Build.0 = Release|Any CPU
		{A68B3FDE-569B-4552-8187-59B4CF72720B}.Release|x64.Deploy.0 = Release|Any CPU
		{A68B3FDE-569B-4552-8187-59B4CF72720B}.Release|x86.ActiveCfg = Release|Any CPU
		{A68B3FDE-569B-4552-8187-59B4CF72720B}.Release|x86.Build.0 = Release|Any CPU
		{A68B3FDE-569B-4552-8187-59B4CF72720B}.Release|x86.Deploy.0 = Release|Any CPU
	EndGlobalSection
	GlobalSection(SolutionProperties) = preSolution
		HideSolutionNode = FALSE
	EndGlobalSection
	GlobalSection(ExtensibilityGlobals) = postSolution
		SolutionGuid = {5E636DCB-B6A7-457A-A207-2794261DDEC2}
	EndGlobalSection
EndGlobal
